
Microsoft Visual Studio Solution File, Format Version 12.00
# Visual Studio Version 17
VisualStudioVersion = 17.8.34330.188
MinimumVisualStudioVersion = 10.0.40219.1
Project("{FAE04EC0-301F-11D3-BF4B-00C04F79EFBC}") = "FileUploaderDemo", "FileUploaderDemo.csproj", "{A33C3473-A5FB-4450-AC6D-F909511A6979}"
EndProject
Global
	GlobalSection(SolutionConfigurationPlatforms) = preSolution
		Debug|Any CPU = Debug|Any CPU
		Release|Any CPU = Release|Any CPU
	EndGlobalSection
	GlobalSection(ProjectConfigurationPlatforms) = postSolution
		{A33C3473-A5FB-4450-AC6D-F909511A6979}.Debug|Any CPU.ActiveCfg = Debug|Any CPU
		{A33C3473-A5FB-4450-AC6D-F909511A6979}.Debug|Any CPU.Build.0 = Debug|Any CPU
		{A33C3473-A5FB-4450-AC6D-F909511A6979}.Release|Any CPU.ActiveCfg = Release|Any CPU
		{A33C3473-A5FB-4450-AC6D-F909511A6979}.Release|Any CPU.Build.0 = Release|Any CPU
	EndGlobalSection
	GlobalSection(SolutionProperties) = preSolution
		HideSolutionNode = FALSE
	EndGlobalSection
	GlobalSection(ExtensibilityGlobals) = postSolution
		SolutionGuid = {5E2F321C-DD2E-40F6-8DDA-2C3982BBF1DA}
	EndGlobalSection
EndGlobal
